
Microsoft Visual Studio Solution File, Format Version 12.00
# Visual Studio Version 17
VisualStudioVersion = 17.4.33110.190
MinimumVisualStudioVersion = 10.0.40219.1
Project("{FAE04EC0-301F-11D3-BF4B-00C04F79EFBC}") = "OAuthFlows", "OAuthFlows\OAuthFlows.csproj", "{8645A9E5-CCFD-48BB-8195-1F069B686139}"
EndProject
Global
	GlobalSection(SolutionConfigurationPlatforms) = preSolution
		Debug|Any CPU = Debug|Any CPU
		Release|Any CPU = Release|Any CPU
	EndGlobalSection
	GlobalSection(ProjectConfigurationPlatforms) = postSolution
		{8645A9E5-CCFD-48BB-8195-1F069B686139}.Debug|Any CPU.ActiveCfg = Debug|Any CPU
		{8645A9E5-CCFD-48BB-8195-1F069B686139}.Debug|Any CPU.Build.0 = Debug|Any CPU
		{8645A9E5-CCFD-48BB-8195-1F069B686139}.Release|Any CPU.ActiveCfg = Release|Any CPU
		{8645A9E5-CCFD-48BB-8195-1F069B686139}.Release|Any CPU.Build.0 = Release|Any CPU
	EndGlobalSection
	GlobalSection(SolutionProperties) = preSolution
		HideSolutionNode = FALSE
	EndGlobalSection
	GlobalSection(ExtensibilityGlobals) = postSolution
		SolutionGuid = {2450169B-7322-47F0-A21B-734AD985E3E4}
	EndGlobalSection
EndGlobal
